// !$*UTF8*$!
{
	archiveVersion = 1;
	classes = {
	};
	objectVersion = 56;
	objects = {

/* Begin PBXBuildFile section */
		E30241892A4E78EA00AA08D0 /* UberLocation.swift in Sources */ = {isa = PBXBuildFile; fileRef = E30241882A4E78EA00AA08D0 /* UberLocation.swift */; };
		E3134C952A4B262D00546419 /* Uber.swift in Sources */ = {isa = PBXBuildFile; fileRef = E3134C942A4B262D00546419 /* Uber.swift */; };
		E3134C992A4B262E00546419 /* Assets.xcassets in Resources */ = {isa = PBXBuildFile; fileRef = E3134C982A4B262E00546419 /* Assets.xcassets */; };
		E3134C9C2A4B262E00546419 /* Preview Assets.xcassets in Resources */ = {isa = PBXBuildFile; fileRef = E3134C9B2A4B262E00546419 /* Preview Assets.xcassets */; };
		E3134CAA2A4B268200546419 /* HomeView.swift in Sources */ = {isa = PBXBuildFile; fileRef = E3134CA92A4B268200546419 /* HomeView.swift */; };
		E3134CAC2A4B26E200546419 /* UberMapViewRepresentable.swift in Sources */ = {isa = PBXBuildFile; fileRef = E3134CAB2A4B26E200546419 /* UberMapViewRepresentable.swift */; };
		E3134CAE2A4B28B100546419 /* LocationManager.swift in Sources */ = {isa = PBXBuildFile; fileRef = E3134CAD2A4B28B100546419 /* LocationManager.swift */; };
		E3880B012A4DF93200EDDABF /* LocationSearchActivationView.swift in Sources */ = {isa = PBXBuildFile; fileRef = E3880B002A4DF93200EDDABF /* LocationSearchActivationView.swift */; };
		E3880B032A4DFA4A00EDDABF /* MapViewActionButton.swift in Sources */ = {isa = PBXBuildFile; fileRef = E3880B022A4DFA4A00EDDABF /* MapViewActionButton.swift */; };
		E3880B052A4DFB2700EDDABF /* LocationSearchView.swift in Sources */ = {isa = PBXBuildFile; fileRef = E3880B042A4DFB2700EDDABF /* LocationSearchView.swift */; };
		E3880B072A4DFD1E00EDDABF /* LocationSearchResultCell.swift in Sources */ = {isa = PBXBuildFile; fileRef = E3880B062A4DFD1E00EDDABF /* LocationSearchResultCell.swift */; };
		E3880B092A4E03B500EDDABF /* LocationSearchViewModel.swift in Sources */ = {isa = PBXBuildFile; fileRef = E3880B082A4E03B500EDDABF /* LocationSearchViewModel.swift */; };
		E3880B0B2A4E1A8E00EDDABF /* MapViewState.swift in Sources */ = {isa = PBXBuildFile; fileRef = E3880B0A2A4E1A8E00EDDABF /* MapViewState.swift */; };
		E3880B0E2A4E601E00EDDABF /* RideRequestView.swift in Sources */ = {isa = PBXBuildFile; fileRef = E3880B0D2A4E601E00EDDABF /* RideRequestView.swift */; };
		E3AE90612A4F027200481AFC /* Color.swift in Sources */ = {isa = PBXBuildFile; fileRef = E3AE90602A4F027200481AFC /* Color.swift */; };
		E3D23A9D2A4E6DD1002A3170 /* RideType.swift in Sources */ = {isa = PBXBuildFile; fileRef = E3D23A9C2A4E6DD1002A3170 /* RideType.swift */; };
		E3D23A9F2A4E7786002A3170 /* Double.swift in Sources */ = {isa = PBXBuildFile; fileRef = E3D23A9E2A4E7786002A3170 /* Double.swift */; };
/* End PBXBuildFile section */

/* Begin PBXFileReference section */
		E30241882A4E78EA00AA08D0 /* UberLocation.swift */ = {isa = PBXFileReference; lastKnownFileType = sourcecode.swift; path = UberLocation.swift; sourceTree = "<group>"; };
		E3134C912A4B262D00546419 /* Uber.app */ = {isa = PBXFileReference; explicitFileType = wrapper.application; includeInIndex = 0; path = Uber.app; sourceTree = BUILT_PRODUCTS_DIR; };
		E3134C942A4B262D00546419 /* Uber.swift */ = {isa = PBXFileReference; lastKnownFileType = sourcecode.swift; path = Uber.swift; sourceTree = "<group>"; };
		E3134C982A4B262E00546419 /* Assets.xcassets */ = {isa = PBXFileReference; lastKnownFileType = folder.assetcatalog; path = Assets.xcassets; sourceTree = "<group>"; };
		E3134C9B2A4B262E00546419 /* Preview Assets.xcassets */ = {isa = PBXFileReference; lastKnownFileType = folder.assetcatalog; path = "Preview Assets.xcassets"; sourceTree = "<group>"; };
		E3134CA92A4B268200546419 /* HomeView.swift */ = {isa = PBXFileReference; lastKnownFileType = sourcecode.swift; path = HomeView.swift; sourceTree = "<group>"; };
		E3134CAB2A4B26E200546419 /* UberMapViewRepresentable.swift */ = {isa = PBXFileReference; lastKnownFileType = sourcecode.swift; path = UberMapViewRepresentable.swift; sourceTree = "<group>"; };
		E3134CAD2A4B28B100546419 /* LocationManager.swift */ = {isa = PBXFileReference; lastKnownFileType = sourcecode.swift; path = LocationManager.swift; sourceTree = "<group>"; };
		E3880B002A4DF93200EDDABF /* LocationSearchActivationView.swift */ = {isa = PBXFileReference; lastKnownFileType = sourcecode.swift; path = LocationSearchActivationView.swift; sourceTree = "<group>"; };
		E3880B022A4DFA4A00EDDABF /* MapViewActionButton.swift */ = {isa = PBXFileReference; lastKnownFileType = sourcecode.swift; path = MapViewActionButton.swift; sourceTree = "<group>"; };
		E3880B042A4DFB2700EDDABF /* LocationSearchView.swift */ = {isa = PBXFileReference; lastKnownFileType = sourcecode.swift; path = LocationSearchView.swift; sourceTree = "<group>"; };
		E3880B062A4DFD1E00EDDABF /* LocationSearchResultCell.swift */ = {isa = PBXFileReference; lastKnownFileType = sourcecode.swift; path = LocationSearchResultCell.swift; sourceTree = "<group>"; };
		E3880B082A4E03B500EDDABF /* LocationSearchViewModel.swift */ = {isa = PBXFileReference; lastKnownFileType = sourcecode.swift; path = LocationSearchViewModel.swift; sourceTree = "<group>"; };
		E3880B0A2A4E1A8E00EDDABF /* MapViewState.swift */ = {isa = PBXFileReference; lastKnownFileType = sourcecode.swift; path = MapViewState.swift; sourceTree = "<group>"; };
		E3880B0D2A4E601E00EDDABF /* RideRequestView.swift */ = {isa = PBXFileReference; lastKnownFileType = sourcecode.swift; path = RideRequestView.swift; sourceTree = "<group>"; };
		E3AE90602A4F027200481AFC /* Color.swift */ = {isa = PBXFileReference; lastKnownFileType = sourcecode.swift; path = Color.swift; sourceTree = "<group>"; };
		E3D23A9C2A4E6DD1002A3170 /* RideType.swift */ = {isa = PBXFileReference; lastKnownFileType = sourcecode.swift; path = RideType.swift; sourceTree = "<group>"; };
		E3D23A9E2A4E7786002A3170 /* Double.swift */ = {isa = PBXFileReference; lastKnownFileType = sourcecode.swift; path = Double.swift; sourceTree = "<group>"; };
/* End PBXFileReference section */

/* Begin PBXFrameworksBuildPhase section */
		E3134C8E2A4B262D00546419 /* Frameworks */ = {
			isa = PBXFrameworksBuildPhase;
			buildActionMask = 2147483647;
			files = (
			);
			runOnlyForDeploymentPostprocessing = 0;
		};
/* End PBXFrameworksBuildPhase section */

/* Begin PBXGroup section */
		E3134C882A4B262D00546419 = {
			isa = PBXGroup;
			children = (
				E3134C932A4B262D00546419 /* Uber */,
				E3134C922A4B262D00546419 /* Products */,
			);
			sourceTree = "<group>";
		};
		E3134C922A4B262D00546419 /* Products */ = {
			isa = PBXGroup;
			children = (
				E3134C912A4B262D00546419 /* Uber.app */,
			);
			name = Products;
			sourceTree = "<group>";
		};
		E3134C932A4B262D00546419 /* Uber */ = {
			isa = PBXGroup;
			children = (
				E3134CA22A4B264200546419 /* App */,
				E3134CA32A4B265200546419 /* Core */,
				E3134CA42A4B265900546419 /* Extension */,
				E3134CA52A4B265F00546419 /* Managers */,
				E3134CA62A4B266400546419 /* Models */,
				E3134C982A4B262E00546419 /* Assets.xcassets */,
				E3134C9A2A4B262E00546419 /* Preview Content */,
			);
			path = Uber;
			sourceTree = "<group>";
		};
		E3134C9A2A4B262E00546419 /* Preview Content */ = {
			isa = PBXGroup;
			children = (
				E3134C9B2A4B262E00546419 /* Preview Assets.xcassets */,
			);
			path = "Preview Content";
			sourceTree = "<group>";
		};
		E3134CA22A4B264200546419 /* App */ = {
			isa = PBXGroup;
			children = (
				E3134C942A4B262D00546419 /* Uber.swift */,
			);
			path = App;
			sourceTree = "<group>";
		};
		E3134CA32A4B265200546419 /* Core */ = {
			isa = PBXGroup;
			children = (
				E3880B0C2A4E600A00EDDABF /* Trips */,
				E3880AFD2A4DF90A00EDDABF /* LocationSearch */,
				E3880AFC2A4DF8F800EDDABF /* Home */,
			);
			path = Core;
			sourceTree = "<group>";
		};
		E3134CA42A4B265900546419 /* Extension */ = {
			isa = PBXGroup;
			children = (
				E3D23A9E2A4E7786002A3170 /* Double.swift */,
				E3AE90602A4F027200481AFC /* Color.swift */,
			);
			path = Extension;
			sourceTree = "<group>";
		};
		E3134CA52A4B265F00546419 /* Managers */ = {
			isa = PBXGroup;
			children = (
				E3134CAD2A4B28B100546419 /* LocationManager.swift */,
			);
			path = Managers;
			sourceTree = "<group>";
		};
		E3134CA62A4B266400546419 /* Models */ = {
			isa = PBXGroup;
			children = (
				E3880B0A2A4E1A8E00EDDABF /* MapViewState.swift */,
				E3D23A9C2A4E6DD1002A3170 /* RideType.swift */,
				E30241882A4E78EA00AA08D0 /* UberLocation.swift */,
			);
			path = Models;
			sourceTree = "<group>";
		};
		E3134CA72A4B266E00546419 /* ViewModels */ = {
			isa = PBXGroup;
			children = (
			);
			path = ViewModels;
			sourceTree = "<group>";
		};
		E3134CA82A4B267500546419 /* Views */ = {
			isa = PBXGroup;
			children = (
				E3134CA92A4B268200546419 /* HomeView.swift */,
				E3134CAB2A4B26E200546419 /* UberMapViewRepresentable.swift */,
				E3880B022A4DFA4A00EDDABF /* MapViewActionButton.swift */,
			);
			path = Views;
			sourceTree = "<group>";
		};
		E3880AFC2A4DF8F800EDDABF /* Home */ = {
			isa = PBXGroup;
			children = (
				E3134CA82A4B267500546419 /* Views */,
				E3134CA72A4B266E00546419 /* ViewModels */,
			);
			path = Home;
			sourceTree = "<group>";
		};
		E3880AFD2A4DF90A00EDDABF /* LocationSearch */ = {
			isa = PBXGroup;
			children = (
				E3880AFF2A4DF91700EDDABF /* ViewModel */,
				E3880AFE2A4DF91300EDDABF /* Views */,
			);
			path = LocationSearch;
			sourceTree = "<group>";
		};
		E3880AFE2A4DF91300EDDABF /* Views */ = {
			isa = PBXGroup;
			children = (
				E3880B002A4DF93200EDDABF /* LocationSearchActivationView.swift */,
				E3880B042A4DFB2700EDDABF /* LocationSearchView.swift */,
				E3880B062A4DFD1E00EDDABF /* LocationSearchResultCell.swift */,
			);
			path = Views;
			sourceTree = "<group>";
		};
		E3880AFF2A4DF91700EDDABF /* ViewModel */ = {
			isa = PBXGroup;
			children = (
				E3880B082A4E03B500EDDABF /* LocationSearchViewModel.swift */,
			);
			path = ViewModel;
			sourceTree = "<group>";
		};
		E3880B0C2A4E600A00EDDABF /* Trips */ = {
			isa = PBXGroup;
			children = (
				E3880B0D2A4E601E00EDDABF /* RideRequestView.swift */,
			);
			path = Trips;
			sourceTree = "<group>";
		};
/* End PBXGroup section */

/* Begin PBXNativeTarget section */
		E3134C902A4B262D00546419 /* Uber */ = {
			isa = PBXNativeTarget;
			buildConfigurationList = E3134C9F2A4B262E00546419 /* Build configuration list for PBXNativeTarget "Uber" */;
			buildPhases = (
				E3134C8D2A4B262D00546419 /* Sources */,
				E3134C8E2A4B262D00546419 /* Frameworks */,
				E3134C8F2A4B262D00546419 /* Resources */,
			);
			buildRules = (
			);
			dependencies = (
			);
			name = Uber;
			productName = Uber;
			productReference = E3134C912A4B262D00546419 /* Uber.app */;
			productType = "com.apple.product-type.application";
		};
/* End PBXNativeTarget section */

/* Begin PBXProject section */
		E3134C892A4B262D00546419 /* Project object */ = {
			isa = PBXProject;
			attributes = {
				BuildIndependentTargetsInParallel = 1;
				LastSwiftUpdateCheck = 1430;
				LastUpgradeCheck = 1430;
				TargetAttributes = {
					E3134C902A4B262D00546419 = {
						CreatedOnToolsVersion = 14.3.1;
					};
				};
			};
			buildConfigurationList = E3134C8C2A4B262D00546419 /* Build configuration list for PBXProject "Uber" */;
			compatibilityVersion = "Xcode 14.0";
			developmentRegion = en;
			hasScannedForEncodings = 0;
			knownRegions = (
				en,
				Base,
			);
			mainGroup = E3134C882A4B262D00546419;
			productRefGroup = E3134C922A4B262D00546419 /* Products */;
			projectDirPath = "";
			projectRoot = "";
			targets = (
				E3134C902A4B262D00546419 /* Uber */,
			);
		};
/* End PBXProject section */

/* Begin PBXResourcesBuildPhase section */
		E3134C8F2A4B262D00546419 /* Resources */ = {
			isa = PBXResourcesBuildPhase;
			buildActionMask = 2147483647;
			files = (
				E3134C9C2A4B262E00546419 /* Preview Assets.xcassets in Resources */,
				E3134C992A4B262E00546419 /* Assets.xcassets in Resources */,
			);
			runOnlyForDeploymentPostprocessing = 0;
		};
/* End PBXResourcesBuildPhase section */

/* Begin PBXSourcesBuildPhase section */
		E3134C8D2A4B262D00546419 /* Sources */ = {
			isa = PBXSourcesBuildPhase;
			buildActionMask = 2147483647;
			files = (
				E3880B092A4E03B500EDDABF /* LocationSearchViewModel.swift in Sources */,
				E3880B052A4DFB2700EDDABF /* LocationSearchView.swift in Sources */,
				E3134CAE2A4B28B100546419 /* LocationManager.swift in Sources */,
				E3880B0E2A4E601E00EDDABF /* RideRequestView.swift in Sources */,
				E3D23A9F2A4E7786002A3170 /* Double.swift in Sources */,
				E3880B0B2A4E1A8E00EDDABF /* MapViewState.swift in Sources */,
				E3880B032A4DFA4A00EDDABF /* MapViewActionButton.swift in Sources */,
				E3134CAA2A4B268200546419 /* HomeView.swift in Sources */,
				E3AE90612A4F027200481AFC /* Color.swift in Sources */,
				E3134CAC2A4B26E200546419 /* UberMapViewRepresentable.swift in Sources */,
				E3134C952A4B262D00546419 /* Uber.swift in Sources */,
				E30241892A4E78EA00AA08D0 /* UberLocation.swift in Sources */,
				E3880B012A4DF93200EDDABF /* LocationSearchActivationView.swift in Sources */,
				E3880B072A4DFD1E00EDDABF /* LocationSearchResultCell.swift in Sources */,
				E3D23A9D2A4E6DD1002A3170 /* RideType.swift in Sources */,
			);
			runOnlyForDeploymentPostprocessing = 0;
		};
/* End PBXSourcesBuildPhase section */

/* Begin XCBuildConfiguration section */
		E3134C9D2A4B262E00546419 /* Debug */ = {
			isa = XCBuildConfiguration;
			buildSettings = {
				ALWAYS_SEARCH_USER_PATHS = NO;
				CLANG_ANALYZER_NONNULL = YES;
				CLANG_ANALYZER_NUMBER_OBJECT_CONVERSION = YES_AGGRESSIVE;
				CLANG_CXX_LANGUAGE_STANDARD = "gnu++20";
				CLANG_ENABLE_MODULES = YES;
				CLANG_ENABLE_OBJC_ARC = YES;
				CLANG_ENABLE_OBJC_WEAK = YES;
				CLANG_WARN_BLOCK_CAPTURE_AUTORELEASING = YES;
				CLANG_WARN_BOOL_CONVERSION = YES;
				CLANG_WARN_COMMA = YES;
				CLANG_WARN_CONSTANT_CONVERSION = YES;
				CLANG_WARN_DEPRECATED_OBJC_IMPLEMENTATIONS = YES;
				CLANG_WARN_DIRECT_OBJC_ISA_USAGE = YES_ERROR;
				CLANG_WARN_DOCUMENTATION_COMMENTS = YES;
				CLANG_WARN_EMPTY_BODY = YES;
				CLANG_WARN_ENUM_CONVERSION = YES;
				CLANG_WARN_INFINITE_RECURSION = YES;
				CLANG_WARN_INT_CONVERSION = YES;
				CLANG_WARN_NON_LITERAL_NULL_CONVERSION = YES;
				CLANG_WARN_OBJC_IMPLICIT_RETAIN_SELF = YES;
				CLANG_WARN_OBJC_LITERAL_CONVERSION = YES;
				CLANG_WARN_OBJC_ROOT_CLASS = YES_ERROR;
				CLANG_WARN_QUOTED_INCLUDE_IN_FRAMEWORK_HEADER = YES;
				CLANG_WARN_RANGE_LOOP_ANALYSIS = YES;
				CLANG_WARN_STRICT_PROTOTYPES = YES;
				CLANG_WARN_SUSPICIOUS_MOVE = YES;
				CLANG_WARN_UNGUARDED_AVAILABILITY = YES_AGGRESSIVE;
				CLANG_WARN_UNREACHABLE_CODE = YES;
				CLANG_WARN__DUPLICATE_METHOD_MATCH = YES;
				COPY_PHASE_STRIP = NO;
				DEBUG_INFORMATION_FORMAT = dwarf;
				ENABLE_STRICT_OBJC_MSGSEND = YES;
				ENABLE_TESTABILITY = YES;
				GCC_C_LANGUAGE_STANDARD = gnu11;
				GCC_DYNAMIC_NO_PIC = NO;
				GCC_NO_COMMON_BLOCKS = YES;
				GCC_OPTIMIZATION_LEVEL = 0;
				GCC_PREPROCESSOR_DEFINITIONS = (
					"DEBUG=1",
					"$(inherited)",
				);
				GCC_WARN_64_TO_32_BIT_CONVERSION = YES;
				GCC_WARN_ABOUT_RETURN_TYPE = YES_ERROR;
				GCC_WARN_UNDECLARED_SELECTOR = YES;
				GCC_WARN_UNINITIALIZED_AUTOS = YES_AGGRESSIVE;
				GCC_WARN_UNUSED_FUNCTION = YES;
				GCC_WARN_UNUSED_VARIABLE = YES;
				IPHONEOS_DEPLOYMENT_TARGET = 16.4;
				MTL_ENABLE_DEBUG_INFO = INCLUDE_SOURCE;
				MTL_FAST_MATH = YES;
				ONLY_ACTIVE_ARCH = YES;
				SDKROOT = iphoneos;
				SWIFT_ACTIVE_COMPILATION_CONDITIONS = DEBUG;
				SWIFT_OPTIMIZATION_LEVEL = "-Onone";
			};
			name = Debug;
		};
		E3134C9E2A4B262E00546419 /* Release */ = {
			isa = XCBuildConfiguration;
			buildSettings = {
				ALWAYS_SEARCH_USER_PATHS = NO;
				CLANG_ANALYZER_NONNULL = YES;
				CLANG_ANALYZER_NUMBER_OBJECT_CONVERSION = YES_AGGRESSIVE;
				CLANG_CXX_LANGUAGE_STANDARD = "gnu++20";
				CLANG_ENABLE_MODULES = YES;
				CLANG_ENABLE_OBJC_ARC = YES;
				CLANG_ENABLE_OBJC_WEAK = YES;
				CLANG_WARN_BLOCK_CAPTURE_AUTORELEASING = YES;
				CLANG_WARN_BOOL_CONVERSION = YES;
				CLANG_WARN_COMMA = YES;
				CLANG_WARN_CONSTANT_CONVERSION = YES;
				CLANG_WARN_DEPRECATED_OBJC_IMPLEMENTATIONS = YES;
				CLANG_WARN_DIRECT_OBJC_ISA_USAGE = YES_ERROR;
				CLANG_WARN_DOCUMENTATION_COMMENTS = YES;
				CLANG_WARN_EMPTY_BODY = YES;
				CLANG_WARN_ENUM_CONVERSION = YES;
				CLANG_WARN_INFINITE_RECURSION = YES;
				CLANG_WARN_INT_CONVERSION = YES;
				CLANG_WARN_NON_LITERAL_NULL_CONVERSION = YES;
				CLANG_WARN_OBJC_IMPLICIT_RETAIN_SELF = YES;
				CLANG_WARN_OBJC_LITERAL_CONVERSION = YES;
				CLANG_WARN_OBJC_ROOT_CLASS = YES_ERROR;
				CLANG_WARN_QUOTED_INCLUDE_IN_FRAMEWORK_HEADER = YES;
				CLANG_WARN_RANGE_LOOP_ANALYSIS = YES;
				CLANG_WARN_STRICT_PROTOTYPES = YES;
				CLANG_WARN_SUSPICIOUS_MOVE = YES;
				CLANG_WARN_UNGUARDED_AVAILABILITY = YES_AGGRESSIVE;
				CLANG_WARN_UNREACHABLE_CODE = YES;
				CLANG_WARN__DUPLICATE_METHOD_MATCH = YES;
				COPY_PHASE_STRIP = NO;
				DEBUG_INFORMATION_FORMAT = "dwarf-with-dsym";
				ENABLE_NS_ASSERTIONS = NO;
				ENABLE_STRICT_OBJC_MSGSEND = YES;
				GCC_C_LANGUAGE_STANDARD = gnu11;
				GCC_NO_COMMON_BLOCKS = YES;
				GCC_WARN_64_TO_32_BIT_CONVERSION = YES;
				GCC_WARN_ABOUT_RETURN_TYPE = YES_ERROR;
				GCC_WARN_UNDECLARED_SELECTOR = YES;
				GCC_WARN_UNINITIALIZED_AUTOS = YES_AGGRESSIVE;
				GCC_WARN_UNUSED_FUNCTION = YES;
				GCC_WARN_UNUSED_VARIABLE = YES;
				IPHONEOS_DEPLOYMENT_TARGET = 16.4;
				MTL_ENABLE_DEBUG_INFO = NO;
				MTL_FAST_MATH = YES;
				SDKROOT = iphoneos;
				SWIFT_COMPILATION_MODE = wholemodule;
				SWIFT_OPTIMIZATION_LEVEL = "-O";
				VALIDATE_PRODUCT = YES;
			};
			name = Release;
		};
		E3134CA02A4B262E00546419 /* Debug */ = {
			isa = XCBuildConfiguration;
			buildSettings = {
				ASSETCATALOG_COMPILER_APPICON_NAME = AppIcon;
				ASSETCATALOG_COMPILER_GLOBAL_ACCENT_COLOR_NAME = AccentColor;
				CODE_SIGN_STYLE = Automatic;
				CURRENT_PROJECT_VERSION = 1;
				DEVELOPMENT_ASSET_PATHS = "\"Uber/Preview Content\"";
				DEVELOPMENT_TEAM = A2L774K3W9;
				ENABLE_PREVIEWS = YES;
				GENERATE_INFOPLIST_FILE = YES;
				INFOPLIST_KEY_NSLocationWhenInUseUsageDescription = "Please allow us to access your location to find you nearby drivers and rides.";
				INFOPLIST_KEY_UIApplicationSceneManifest_Generation = YES;
				INFOPLIST_KEY_UIApplicationSupportsIndirectInputEvents = YES;
				INFOPLIST_KEY_UILaunchScreen_Generation = YES;
				INFOPLIST_KEY_UISupportedInterfaceOrientations_iPad = "UIInterfaceOrientationPortrait UIInterfaceOrientationPortraitUpsideDown UIInterfaceOrientationLandscapeLeft UIInterfaceOrientationLandscapeRight";
				INFOPLIST_KEY_UISupportedInterfaceOrientations_iPhone = "UIInterfaceOrientationPortrait UIInterfaceOrientationLandscapeLeft UIInterfaceOrientationLandscapeRight";
				LD_RUNPATH_SEARCH_PATHS = (
					"$(inherited)",
					"@executable_path/Frameworks",
				);
				MARKETING_VERSION = 1.0;
				PRODUCT_BUNDLE_IDENTIFIER = com.akadircicek.Uber;
				PRODUCT_NAME = "$(TARGET_NAME)";
				SWIFT_EMIT_LOC_STRINGS = YES;
				SWIFT_VERSION = 5.0;
				TARGETED_DEVICE_FAMILY = "1,2";
			};
			name = Debug;
		};
		E3134CA12A4B262E00546419 /* Release */ = {
			isa = XCBuildConfiguration;
			buildSettings = {
				ASSETCATALOG_COMPILER_APPICON_NAME = AppIcon;
				ASSETCATALOG_COMPILER_GLOBAL_ACCENT_COLOR_NAME = AccentColor;
				CODE_SIGN_STYLE = Automatic;
				CURRENT_PROJECT_VERSION = 1;
				DEVELOPMENT_ASSET_PATHS = "\"Uber/Preview Content\"";
				DEVELOPMENT_TEAM = A2L774K3W9;
				ENABLE_PREVIEWS = YES;
				GENERATE_INFOPLIST_FILE = YES;
				INFOPLIST_KEY_NSLocationWhenInUseUsageDescription = "Please allow us to access your location to find you nearby drivers and rides.";
				INFOPLIST_KEY_UIApplicationSceneManifest_Generation = YES;
				INFOPLIST_KEY_UIApplicationSupportsIndirectInputEvents = YES;
				INFOPLIST_KEY_UILaunchScreen_Generation = YES;
				INFOPLIST_KEY_UISupportedInterfaceOrientations_iPad = "UIInterfaceOrientationPortrait UIInterfaceOrientationPortraitUpsideDown UIInterfaceOrientationLandscapeLeft UIInterfaceOrientationLandscapeRight";
				INFOPLIST_KEY_UISupportedInterfaceOrientations_iPhone = "UIInterfaceOrientationPortrait UIInterfaceOrientationLandscapeLeft UIInterfaceOrientationLandscapeRight";
				LD_RUNPATH_SEARCH_PATHS = (
					"$(inherited)",
					"@executable_path/Frameworks",
				);
				MARKETING_VERSION = 1.0;
				PRODUCT_BUNDLE_IDENTIFIER = com.akadircicek.Uber;
				PRODUCT_NAME = "$(TARGET_NAME)";
				SWIFT_EMIT_LOC_STRINGS = YES;
				SWIFT_VERSION = 5.0;
				TARGETED_DEVICE_FAMILY = "1,2";
			};
			name = Release;
		};
/* End XCBuildConfiguration section */

/* Begin XCConfigurationList section */
		E3134C8C2A4B262D00546419 /* Build configuration list for PBXProject "Uber" */ = {
			isa = XCConfigurationList;
			buildConfigurations = (
				E3134C9D2A4B262E00546419 /* Debug */,
				E3134C9E2A4B262E00546419 /* Release */,
			);
			defaultConfigurationIsVisible = 0;
			defaultConfigurationName = Release;
		};
		E3134C9F2A4B262E00546419 /* Build configuration list for PBXNativeTarget "Uber" */ = {
			isa = XCConfigurationList;
			buildConfigurations = (
				E3134CA02A4B262E00546419 /* Debug */,
				E3134CA12A4B262E00546419 /* Release */,
			);
			defaultConfigurationIsVisible = 0;
			defaultConfigurationName = Release;
		};
/* End XCConfigurationList section */
	};
	rootObject = E3134C892A4B262D00546419 /* Project object */;
}
